
Microsoft Visual Studio Solution File, Format Version 12.00
# Visual Studio Version 16
VisualStudioVersion = 16.0.30011.22
MinimumVisualStudioVersion = 10.0.40219.1
Project("{FAE04EC0-301F-11D3-BF4B-00C04F79EFBC}") = "RejuvenatingForest", "RejuvenatingForest\RejuvenatingForest.csproj", "{647EC976-CA28-4D63-8F94-43D1E42006D0}"
EndProject
Global
	GlobalSection(SolutionConfigurationPlatforms) = preSolution
		Debug|Any CPU = Debug|Any CPU
		Release|Any CPU = Release|Any CPU
	EndGlobalSection
	GlobalSection(ProjectConfigurationPlatforms) = postSolution
		{647EC976-CA28-4D63-8F94-43D1E42006D0}.Debug|Any CPU.ActiveCfg = Debug|Any CPU
		{647EC976-CA28-4D63-8F94-43D1E42006D0}.Debug|Any CPU.Build.0 = Debug|Any CPU
		{647EC976-CA28-4D63-8F94-43D1E42006D0}.Release|Any CPU.ActiveCfg = Release|Any CPU
		{647EC976-CA28-4D63-8F94-43D1E42006D0}.Release|Any CPU.Build.0 = Release|Any CPU
	EndGlobalSection
	GlobalSection(SolutionProperties) = preSolution
		HideSolutionNode = FALSE
	EndGlobalSection
	GlobalSection(ExtensibilityGlobals) = postSolution
		SolutionGuid = {FD9D1729-0DB6-4747-887F-7BA3F973D051}
	EndGlobalSection
EndGlobal
